
Microsoft Visual Studio Solution File, Format Version 12.00
# Visual Studio 15
VisualStudioVersion = 15.0.27130.2010
MinimumVisualStudioVersion = 10.0.40219.1
Project("{9A19103F-16F7-4668-BE54-9A1E7A4F7556}") = "GloVe", "GloVe.csproj", "{A8AD3922-0421-4432-A52F-947289F8CC49}"
EndProject
Global
	GlobalSection(Performance) = preSolution
		HasPerformanceSessions = true
	EndGlobalSection
	GlobalSection(SolutionConfigurationPlatforms) = preSolution
		Debug|Any CPU = Debug|Any CPU
		Release|Any CPU = Release|Any CPU
	EndGlobalSection
	GlobalSection(ProjectConfigurationPlatforms) = postSolution
		{A8AD3922-0421-4432-A52F-947289F8CC49}.Debug|Any CPU.ActiveCfg = Debug|Any CPU
		{A8AD3922-0421-4432-A52F-947289F8CC49}.Debug|Any CPU.Build.0 = Debug|Any CPU
		{A8AD3922-0421-4432-A52F-947289F8CC49}.Release|Any CPU.ActiveCfg = Release|Any CPU
		{A8AD3922-0421-4432-A52F-947289F8CC49}.Release|Any CPU.Build.0 = Release|Any CPU
	EndGlobalSection
	GlobalSection(SolutionProperties) = preSolution
		HideSolutionNode = FALSE
	EndGlobalSection
	GlobalSection(ExtensibilityGlobals) = postSolution
		SolutionGuid = {A95D7B0B-4559-48C2-9135-7F82CA30BBD0}
	EndGlobalSection
EndGlobal
